// !$*UTF8*$!
{
	archiveVersion = 1;
	classes = {
	};
	objectVersion = 50;
	objects = {

/* Begin PBXBuildFile section */
		0865E07022FB2B06008EFF65 /* SeatingTable.swift in Sources */ = {isa = PBXBuildFile; fileRef = 0865E06F22FB2B06008EFF65 /* SeatingTable.swift */; };
		0865E07222FB2BD6008EFF65 /* Summary.swift in Sources */ = {isa = PBXBuildFile; fileRef = 0865E07122FB2BD6008EFF65 /* Summary.swift */; };
		3758FCC722E3A8F300F18779 /* AppDelegate.swift in Sources */ = {isa = PBXBuildFile; fileRef = 3758FCC622E3A8F300F18779 /* AppDelegate.swift */; };
		3758FCC922E3A8F300F18779 /* ViewController.swift in Sources */ = {isa = PBXBuildFile; fileRef = 3758FCC822E3A8F300F18779 /* ViewController.swift */; };
		3758FCCC22E3A8F300F18779 /* Main.storyboard in Resources */ = {isa = PBXBuildFile; fileRef = 3758FCCA22E3A8F300F18779 /* Main.storyboard */; };
		3758FCCE22E3A8F400F18779 /* Assets.xcassets in Resources */ = {isa = PBXBuildFile; fileRef = 3758FCCD22E3A8F400F18779 /* Assets.xcassets */; };
		3758FCD122E3A8F400F18779 /* LaunchScreen.storyboard in Resources */ = {isa = PBXBuildFile; fileRef = 3758FCCF22E3A8F400F18779 /* LaunchScreen.storyboard */; };
		3758FCD922E3AB0300F18779 /* BeveragesViewController.swift in Sources */ = {isa = PBXBuildFile; fileRef = 3758FCD822E3AB0300F18779 /* BeveragesViewController.swift */; };
		37AB895A22E8BE2F00878622 /* itemViewController.swift in Sources */ = {isa = PBXBuildFile; fileRef = 37AB895922E8BE2F00878622 /* itemViewController.swift */; };
		37AFA01222FA277300140989 /* SummaryTableViewController.swift in Sources */ = {isa = PBXBuildFile; fileRef = 37AFA01122FA277300140989 /* SummaryTableViewController.swift */; };
		37C61AEE22FF6315001D1172 /* bacon wrapped shrimp.jpeg in Resources */ = {isa = PBXBuildFile; fileRef = 37C61AEB22FF6315001D1172 /* bacon wrapped shrimp.jpeg */; };
		37C61AEF22FF6315001D1172 /* bacon burger.jpeg in Resources */ = {isa = PBXBuildFile; fileRef = 37C61AEC22FF6315001D1172 /* bacon burger.jpeg */; };
		37C61B0022FF6334001D1172 /* mezcal.jpeg in Resources */ = {isa = PBXBuildFile; fileRef = 37C61AF122FF6333001D1172 /* mezcal.jpeg */; };
		37C61B0122FF6334001D1172 /* coke.jpeg in Resources */ = {isa = PBXBuildFile; fileRef = 37C61AF222FF6333001D1172 /* coke.jpeg */; };
		37C61B0222FF6334001D1172 /* pizza.jpeg in Resources */ = {isa = PBXBuildFile; fileRef = 37C61AF322FF6333001D1172 /* pizza.jpeg */; };
		37C61B0322FF6334001D1172 /* daiquiry.jpeg in Resources */ = {isa = PBXBuildFile; fileRef = 37C61AF422FF6333001D1172 /* daiquiry.jpeg */; };
		37C61B0422FF6334001D1172 /* cheeseburger.jpeg in Resources */ = {isa = PBXBuildFile; fileRef = 37C61AF522FF6333001D1172 /* cheeseburger.jpeg */; };
		37C61B0522FF6334001D1172 /* pepsi.jpeg in Resources */ = {isa = PBXBuildFile; fileRef = 37C61AF622FF6333001D1172 /* pepsi.jpeg */; };
		37C61B0622FF6334001D1172 /* martini.jpeg in Resources */ = {isa = PBXBuildFile; fileRef = 37C61AF722FF6333001D1172 /* martini.jpeg */; };
		37C61B0722FF6334001D1172 /* fish and chips.jpeg in Resources */ = {isa = PBXBuildFile; fileRef = 37C61AF822FF6333001D1172 /* fish and chips.jpeg */; };
		37C61B0822FF6334001D1172 /* cointreau.jpeg in Resources */ = {isa = PBXBuildFile; fileRef = 37C61AF922FF6334001D1172 /* cointreau.jpeg */; };
		37C61B0922FF6334001D1172 /* grilled shrimp.jpeg in Resources */ = {isa = PBXBuildFile; fileRef = 37C61AFA22FF6334001D1172 /* grilled shrimp.jpeg */; };
		37C61B0A22FF6334001D1172 /* tequila.jpeg in Resources */ = {isa = PBXBuildFile; fileRef = 37C61AFB22FF6334001D1172 /* tequila.jpeg */; };
		37C61B0B22FF6334001D1172 /* hamburger.jpeg in Resources */ = {isa = PBXBuildFile; fileRef = 37C61AFC22FF6334001D1172 /* hamburger.jpeg */; };
		37C61B0C22FF6334001D1172 /* pinot grigio.jpeg in Resources */ = {isa = PBXBuildFile; fileRef = 37C61AFD22FF6334001D1172 /* pinot grigio.jpeg */; };
		37C61B0D22FF6334001D1172 /* rum.jpeg in Resources */ = {isa = PBXBuildFile; fileRef = 37C61AFE22FF6334001D1172 /* rum.jpeg */; };
		37C61B0E22FF6334001D1172 /* merlot.jpeg in Resources */ = {isa = PBXBuildFile; fileRef = 37C61AFF22FF6334001D1172 /* merlot.jpeg */; };
		E8F056C122E8EFA10033004F /* OrderViewController.swift in Sources */ = {isa = PBXBuildFile; fileRef = E8F056C022E8EFA10033004F /* OrderViewController.swift */; };
		E8F056C322E8FAF90033004F /* Order.swift in Sources */ = {isa = PBXBuildFile; fileRef = E8F056C222E8FAF90033004F /* Order.swift */; };
		E8F056C522E8FBA00033004F /* MenuItem.swift in Sources */ = {isa = PBXBuildFile; fileRef = E8F056C422E8FBA00033004F /* MenuItem.swift */; };
/* End PBXBuildFile section */

/* Begin PBXFileReference section */
		0865E06F22FB2B06008EFF65 /* SeatingTable.swift */ = {isa = PBXFileReference; lastKnownFileType = sourcecode.swift; path = SeatingTable.swift; sourceTree = "<group>"; };
		0865E07122FB2BD6008EFF65 /* Summary.swift */ = {isa = PBXFileReference; lastKnownFileType = sourcecode.swift; path = Summary.swift; sourceTree = "<group>"; };
		3758FCC322E3A8F300F18779 /* TLCAppLuisBranch2.app */ = {isa = PBXFileReference; explicitFileType = wrapper.application; includeInIndex = 0; path = TLCAppLuisBranch2.app; sourceTree = BUILT_PRODUCTS_DIR; };
		3758FCC622E3A8F300F18779 /* AppDelegate.swift */ = {isa = PBXFileReference; lastKnownFileType = sourcecode.swift; path = AppDelegate.swift; sourceTree = "<group>"; };
		3758FCC822E3A8F300F18779 /* ViewController.swift */ = {isa = PBXFileReference; lastKnownFileType = sourcecode.swift; path = ViewController.swift; sourceTree = "<group>"; };
		3758FCCB22E3A8F300F18779 /* Base */ = {isa = PBXFileReference; lastKnownFileType = file.storyboard; name = Base; path = Base.lproj/Main.storyboard; sourceTree = "<group>"; };
		3758FCCD22E3A8F400F18779 /* Assets.xcassets */ = {isa = PBXFileReference; lastKnownFileType = folder.assetcatalog; path = Assets.xcassets; sourceTree = "<group>"; };
		3758FCD022E3A8F400F18779 /* Base */ = {isa = PBXFileReference; lastKnownFileType = file.storyboard; name = Base; path = Base.lproj/LaunchScreen.storyboard; sourceTree = "<group>"; };
		3758FCD222E3A8F400F18779 /* Info.plist */ = {isa = PBXFileReference; lastKnownFileType = text.plist.xml; path = Info.plist; sourceTree = "<group>"; };
		3758FCD822E3AB0300F18779 /* BeveragesViewController.swift */ = {isa = PBXFileReference; lastKnownFileType = sourcecode.swift; path = BeveragesViewController.swift; sourceTree = "<group>"; };
		37AB895922E8BE2F00878622 /* itemViewController.swift */ = {isa = PBXFileReference; lastKnownFileType = sourcecode.swift; path = itemViewController.swift; sourceTree = "<group>"; };
		37AFA01122FA277300140989 /* SummaryTableViewController.swift */ = {isa = PBXFileReference; lastKnownFileType = sourcecode.swift; path = SummaryTableViewController.swift; sourceTree = "<group>"; };
		37C61AEB22FF6315001D1172 /* bacon wrapped shrimp.jpeg */ = {isa = PBXFileReference; lastKnownFileType = image.jpeg; path = "bacon wrapped shrimp.jpeg"; sourceTree = "<group>"; };
		37C61AEC22FF6315001D1172 /* bacon burger.jpeg */ = {isa = PBXFileReference; lastKnownFileType = image.jpeg; path = "bacon burger.jpeg"; sourceTree = "<group>"; };
		37C61AF122FF6333001D1172 /* mezcal.jpeg */ = {isa = PBXFileReference; lastKnownFileType = image.jpeg; path = mezcal.jpeg; sourceTree = "<group>"; };
		37C61AF222FF6333001D1172 /* coke.jpeg */ = {isa = PBXFileReference; lastKnownFileType = image.jpeg; path = coke.jpeg; sourceTree = "<group>"; };
		37C61AF322FF6333001D1172 /* pizza.jpeg */ = {isa = PBXFileReference; lastKnownFileType = image.jpeg; path = pizza.jpeg; sourceTree = "<group>"; };
		37C61AF422FF6333001D1172 /* daiquiry.jpeg */ = {isa = PBXFileReference; lastKnownFileType = image.jpeg; path = daiquiry.jpeg; sourceTree = "<group>"; };
		37C61AF522FF6333001D1172 /* cheeseburger.jpeg */ = {isa = PBXFileReference; lastKnownFileType = image.jpeg; path = cheeseburger.jpeg; sourceTree = "<group>"; };
		37C61AF622FF6333001D1172 /* pepsi.jpeg */ = {isa = PBXFileReference; lastKnownFileType = image.jpeg; path = pepsi.jpeg; sourceTree = "<group>"; };
		37C61AF722FF6333001D1172 /* martini.jpeg */ = {isa = PBXFileReference; lastKnownFileType = image.jpeg; path = martini.jpeg; sourceTree = "<group>"; };
		37C61AF822FF6333001D1172 /* fish and chips.jpeg */ = {isa = PBXFileReference; lastKnownFileType = image.jpeg; path = "fish and chips.jpeg"; sourceTree = "<group>"; };
		37C61AF922FF6334001D1172 /* cointreau.jpeg */ = {isa = PBXFileReference; lastKnownFileType = image.jpeg; path = cointreau.jpeg; sourceTree = "<group>"; };
		37C61AFA22FF6334001D1172 /* grilled shrimp.jpeg */ = {isa = PBXFileReference; lastKnownFileType = image.jpeg; path = "grilled shrimp.jpeg"; sourceTree = "<group>"; };
		37C61AFB22FF6334001D1172 /* tequila.jpeg */ = {isa = PBXFileReference; lastKnownFileType = image.jpeg; path = tequila.jpeg; sourceTree = "<group>"; };
		37C61AFC22FF6334001D1172 /* hamburger.jpeg */ = {isa = PBXFileReference; lastKnownFileType = image.jpeg; path = hamburger.jpeg; sourceTree = "<group>"; };
		37C61AFD22FF6334001D1172 /* pinot grigio.jpeg */ = {isa = PBXFileReference; lastKnownFileType = image.jpeg; path = "pinot grigio.jpeg"; sourceTree = "<group>"; };
		37C61AFE22FF6334001D1172 /* rum.jpeg */ = {isa = PBXFileReference; lastKnownFileType = image.jpeg; path = rum.jpeg; sourceTree = "<group>"; };
		37C61AFF22FF6334001D1172 /* merlot.jpeg */ = {isa = PBXFileReference; lastKnownFileType = image.jpeg; path = merlot.jpeg; sourceTree = "<group>"; };
		E8F056C022E8EFA10033004F /* OrderViewController.swift */ = {isa = PBXFileReference; lastKnownFileType = sourcecode.swift; path = OrderViewController.swift; sourceTree = "<group>"; };
		E8F056C222E8FAF90033004F /* Order.swift */ = {isa = PBXFileReference; lastKnownFileType = sourcecode.swift; path = Order.swift; sourceTree = "<group>"; };
		E8F056C422E8FBA00033004F /* MenuItem.swift */ = {isa = PBXFileReference; lastKnownFileType = sourcecode.swift; path = MenuItem.swift; sourceTree = "<group>"; };
/* End PBXFileReference section */

/* Begin PBXFrameworksBuildPhase section */
		3758FCC022E3A8F300F18779 /* Frameworks */ = {
			isa = PBXFrameworksBuildPhase;
			buildActionMask = 2147483647;
			files = (
			);
			runOnlyForDeploymentPostprocessing = 0;
		};
/* End PBXFrameworksBuildPhase section */

/* Begin PBXGroup section */
		3758FCBA22E3A8F300F18779 = {
			isa = PBXGroup;
			children = (
				3758FCC522E3A8F300F18779 /* TLCAppLuisBranch2 */,
				3758FCC422E3A8F300F18779 /* Products */,
			);
			sourceTree = "<group>";
		};
		3758FCC422E3A8F300F18779 /* Products */ = {
			isa = PBXGroup;
			children = (
				3758FCC322E3A8F300F18779 /* TLCAppLuisBranch2.app */,
			);
			name = Products;
			sourceTree = "<group>";
		};
		3758FCC522E3A8F300F18779 /* TLCAppLuisBranch2 */ = {
			isa = PBXGroup;
			children = (
				37C61AF522FF6333001D1172 /* cheeseburger.jpeg */,
				37C61AF922FF6334001D1172 /* cointreau.jpeg */,
				37C61AF222FF6333001D1172 /* coke.jpeg */,
				37C61AF422FF6333001D1172 /* daiquiry.jpeg */,
				37C61AF822FF6333001D1172 /* fish and chips.jpeg */,
				37C61AFA22FF6334001D1172 /* grilled shrimp.jpeg */,
				37C61AFC22FF6334001D1172 /* hamburger.jpeg */,
				37C61AF722FF6333001D1172 /* martini.jpeg */,
				37C61AFF22FF6334001D1172 /* merlot.jpeg */,
				37C61AF122FF6333001D1172 /* mezcal.jpeg */,
				37C61AF622FF6333001D1172 /* pepsi.jpeg */,
				37C61AFD22FF6334001D1172 /* pinot grigio.jpeg */,
				37C61AF322FF6333001D1172 /* pizza.jpeg */,
				37C61AFE22FF6334001D1172 /* rum.jpeg */,
				37C61AFB22FF6334001D1172 /* tequila.jpeg */,
				37C61AEC22FF6315001D1172 /* bacon burger.jpeg */,
				37C61AEB22FF6315001D1172 /* bacon wrapped shrimp.jpeg */,
				3758FCC622E3A8F300F18779 /* AppDelegate.swift */,
				3758FCC822E3A8F300F18779 /* ViewController.swift */,
				3758FCCA22E3A8F300F18779 /* Main.storyboard */,
				37AFA01122FA277300140989 /* SummaryTableViewController.swift */,
				E8F056C022E8EFA10033004F /* OrderViewController.swift */,
				E8F056C222E8FAF90033004F /* Order.swift */,
				E8F056C422E8FBA00033004F /* MenuItem.swift */,
				37AB895922E8BE2F00878622 /* itemViewController.swift */,
				3758FCD822E3AB0300F18779 /* BeveragesViewController.swift */,
				3758FCCD22E3A8F400F18779 /* Assets.xcassets */,
				3758FCCF22E3A8F400F18779 /* LaunchScreen.storyboard */,
				3758FCD222E3A8F400F18779 /* Info.plist */,
				0865E06F22FB2B06008EFF65 /* SeatingTable.swift */,
				0865E07122FB2BD6008EFF65 /* Summary.swift */,
			);
			path = TLCAppLuisBranch2;
			sourceTree = "<group>";
		};
/* End PBXGroup section */

/* Begin PBXNativeTarget section */
		3758FCC222E3A8F300F18779 /* TLCAppLuisBranch2 */ = {
			isa = PBXNativeTarget;
			buildConfigurationList = 3758FCD522E3A8F400F18779 /* Build configuration list for PBXNativeTarget "TLCAppLuisBranch2" */;
			buildPhases = (
				3758FCBF22E3A8F300F18779 /* Sources */,
				3758FCC022E3A8F300F18779 /* Frameworks */,
				3758FCC122E3A8F300F18779 /* Resources */,
			);
			buildRules = (
			);
			dependencies = (
			);
			name = TLCAppLuisBranch2;
			productName = TLCAppLuisBranch2;
			productReference = 3758FCC322E3A8F300F18779 /* TLCAppLuisBranch2.app */;
			productType = "com.apple.product-type.application";
		};
/* End PBXNativeTarget section */

/* Begin PBXProject section */
		3758FCBB22E3A8F300F18779 /* Project object */ = {
			isa = PBXProject;
			attributes = {
				LastSwiftUpdateCheck = 1020;
				LastUpgradeCheck = 1020;
				ORGANIZATIONNAME = "Luis Villafaña Tamez";
				TargetAttributes = {
					3758FCC222E3A8F300F18779 = {
						CreatedOnToolsVersion = 10.2.1;
					};
				};
			};
			buildConfigurationList = 3758FCBE22E3A8F300F18779 /* Build configuration list for PBXProject "TLCAppLuisBranch2" */;
			compatibilityVersion = "Xcode 9.3";
			developmentRegion = en;
			hasScannedForEncodings = 0;
			knownRegions = (
				en,
				Base,
			);
			mainGroup = 3758FCBA22E3A8F300F18779;
			productRefGroup = 3758FCC422E3A8F300F18779 /* Products */;
			projectDirPath = "";
			projectRoot = "";
			targets = (
				3758FCC222E3A8F300F18779 /* TLCAppLuisBranch2 */,
			);
		};
/* End PBXProject section */

/* Begin PBXResourcesBuildPhase section */
		3758FCC122E3A8F300F18779 /* Resources */ = {
			isa = PBXResourcesBuildPhase;
			buildActionMask = 2147483647;
			files = (
				37C61B0622FF6334001D1172 /* martini.jpeg in Resources */,
				37C61B0122FF6334001D1172 /* coke.jpeg in Resources */,
				37C61B0922FF6334001D1172 /* grilled shrimp.jpeg in Resources */,
				37C61B0422FF6334001D1172 /* cheeseburger.jpeg in Resources */,
				37C61B0D22FF6334001D1172 /* rum.jpeg in Resources */,
				37C61B0B22FF6334001D1172 /* hamburger.jpeg in Resources */,
				37C61B0722FF6334001D1172 /* fish and chips.jpeg in Resources */,
				37C61B0A22FF6334001D1172 /* tequila.jpeg in Resources */,
				37C61B0322FF6334001D1172 /* daiquiry.jpeg in Resources */,
				3758FCD122E3A8F400F18779 /* LaunchScreen.storyboard in Resources */,
				37C61AEF22FF6315001D1172 /* bacon burger.jpeg in Resources */,
				37C61B0522FF6334001D1172 /* pepsi.jpeg in Resources */,
				3758FCCE22E3A8F400F18779 /* Assets.xcassets in Resources */,
				37C61B0C22FF6334001D1172 /* pinot grigio.jpeg in Resources */,
				37C61B0222FF6334001D1172 /* pizza.jpeg in Resources */,
				37C61B0022FF6334001D1172 /* mezcal.jpeg in Resources */,
				37C61AEE22FF6315001D1172 /* bacon wrapped shrimp.jpeg in Resources */,
				37C61B0822FF6334001D1172 /* cointreau.jpeg in Resources */,
				37C61B0E22FF6334001D1172 /* merlot.jpeg in Resources */,
				3758FCCC22E3A8F300F18779 /* Main.storyboard in Resources */,
			);
			runOnlyForDeploymentPostprocessing = 0;
		};
/* End PBXResourcesBuildPhase section */

/* Begin PBXSourcesBuildPhase section */
		3758FCBF22E3A8F300F18779 /* Sources */ = {
			isa = PBXSourcesBuildPhase;
			buildActionMask = 2147483647;
			files = (
				37AFA01222FA277300140989 /* SummaryTableViewController.swift in Sources */,
				E8F056C522E8FBA00033004F /* MenuItem.swift in Sources */,
				0865E07022FB2B06008EFF65 /* SeatingTable.swift in Sources */,
				E8F056C322E8FAF90033004F /* Order.swift in Sources */,
				3758FCC922E3A8F300F18779 /* ViewController.swift in Sources */,
				E8F056C122E8EFA10033004F /* OrderViewController.swift in Sources */,
				0865E07222FB2BD6008EFF65 /* Summary.swift in Sources */,
				37AB895A22E8BE2F00878622 /* itemViewController.swift in Sources */,
				3758FCC722E3A8F300F18779 /* AppDelegate.swift in Sources */,
				3758FCD922E3AB0300F18779 /* BeveragesViewController.swift in Sources */,
			);
			runOnlyForDeploymentPostprocessing = 0;
		};
/* End PBXSourcesBuildPhase section */

/* Begin PBXVariantGroup section */
		3758FCCA22E3A8F300F18779 /* Main.storyboard */ = {
			isa = PBXVariantGroup;
			children = (
				3758FCCB22E3A8F300F18779 /* Base */,
			);
			name = Main.storyboard;
			sourceTree = "<group>";
		};
		3758FCCF22E3A8F400F18779 /* LaunchScreen.storyboard */ = {
			isa = PBXVariantGroup;
			children = (
				3758FCD022E3A8F400F18779 /* Base */,
			);
			name = LaunchScreen.storyboard;
			sourceTree = "<group>";
		};
/* End PBXVariantGroup section */

/* Begin XCBuildConfiguration section */
		3758FCD322E3A8F400F18779 /* Debug */ = {
			isa = XCBuildConfiguration;
			buildSettings = {
				ALWAYS_SEARCH_USER_PATHS = NO;
				CLANG_ANALYZER_NONNULL = YES;
				CLANG_ANALYZER_NUMBER_OBJECT_CONVERSION = YES_AGGRESSIVE;
				CLANG_CXX_LANGUAGE_STANDARD = "gnu++14";
				CLANG_CXX_LIBRARY = "libc++";
				CLANG_ENABLE_MODULES = YES;
				CLANG_ENABLE_OBJC_ARC = YES;
				CLANG_ENABLE_OBJC_WEAK = YES;
				CLANG_WARN_BLOCK_CAPTURE_AUTORELEASING = YES;
				CLANG_WARN_BOOL_CONVERSION = YES;
				CLANG_WARN_COMMA = YES;
				CLANG_WARN_CONSTANT_CONVERSION = YES;
				CLANG_WARN_DEPRECATED_OBJC_IMPLEMENTATIONS = YES;
				CLANG_WARN_DIRECT_OBJC_ISA_USAGE = YES_ERROR;
				CLANG_WARN_DOCUMENTATION_COMMENTS = YES;
				CLANG_WARN_EMPTY_BODY = YES;
				CLANG_WARN_ENUM_CONVERSION = YES;
				CLANG_WARN_INFINITE_RECURSION = YES;
				CLANG_WARN_INT_CONVERSION = YES;
				CLANG_WARN_NON_LITERAL_NULL_CONVERSION = YES;
				CLANG_WARN_OBJC_IMPLICIT_RETAIN_SELF = YES;
				CLANG_WARN_OBJC_LITERAL_CONVERSION = YES;
				CLANG_WARN_OBJC_ROOT_CLASS = YES_ERROR;
				CLANG_WARN_RANGE_LOOP_ANALYSIS = YES;
				CLANG_WARN_STRICT_PROTOTYPES = YES;
				CLANG_WARN_SUSPICIOUS_MOVE = YES;
				CLANG_WARN_UNGUARDED_AVAILABILITY = YES_AGGRESSIVE;
				CLANG_WARN_UNREACHABLE_CODE = YES;
				CLANG_WARN__DUPLICATE_METHOD_MATCH = YES;
				CODE_SIGN_IDENTITY = "iPhone Developer";
				COPY_PHASE_STRIP = NO;
				DEBUG_INFORMATION_FORMAT = dwarf;
				ENABLE_STRICT_OBJC_MSGSEND = YES;
				ENABLE_TESTABILITY = YES;
				GCC_C_LANGUAGE_STANDARD = gnu11;
				GCC_DYNAMIC_NO_PIC = NO;
				GCC_NO_COMMON_BLOCKS = YES;
				GCC_OPTIMIZATION_LEVEL = 0;
				GCC_PREPROCESSOR_DEFINITIONS = (
					"DEBUG=1",
					"$(inherited)",
				);
				GCC_WARN_64_TO_32_BIT_CONVERSION = YES;
				GCC_WARN_ABOUT_RETURN_TYPE = YES_ERROR;
				GCC_WARN_UNDECLARED_SELECTOR = YES;
				GCC_WARN_UNINITIALIZED_AUTOS = YES_AGGRESSIVE;
				GCC_WARN_UNUSED_FUNCTION = YES;
				GCC_WARN_UNUSED_VARIABLE = YES;
				IPHONEOS_DEPLOYMENT_TARGET = 12.2;
				MTL_ENABLE_DEBUG_INFO = INCLUDE_SOURCE;
				MTL_FAST_MATH = YES;
				ONLY_ACTIVE_ARCH = YES;
				SDKROOT = iphoneos;
				SWIFT_ACTIVE_COMPILATION_CONDITIONS = DEBUG;
				SWIFT_OPTIMIZATION_LEVEL = "-Onone";
			};
			name = Debug;
		};
		3758FCD422E3A8F400F18779 /* Release */ = {
			isa = XCBuildConfiguration;
			buildSettings = {
				ALWAYS_SEARCH_USER_PATHS = NO;
				CLANG_ANALYZER_NONNULL = YES;
				CLANG_ANALYZER_NUMBER_OBJECT_CONVERSION = YES_AGGRESSIVE;
				CLANG_CXX_LANGUAGE_STANDARD = "gnu++14";
				CLANG_CXX_LIBRARY = "libc++";
				CLANG_ENABLE_MODULES = YES;
				CLANG_ENABLE_OBJC_ARC = YES;
				CLANG_ENABLE_OBJC_WEAK = YES;
				CLANG_WARN_BLOCK_CAPTURE_AUTORELEASING = YES;
				CLANG_WARN_BOOL_CONVERSION = YES;
				CLANG_WARN_COMMA = YES;
				CLANG_WARN_CONSTANT_CONVERSION = YES;
				CLANG_WARN_DEPRECATED_OBJC_IMPLEMENTATIONS = YES;
				CLANG_WARN_DIRECT_OBJC_ISA_USAGE = YES_ERROR;
				CLANG_WARN_DOCUMENTATION_COMMENTS = YES;
				CLANG_WARN_EMPTY_BODY = YES;
				CLANG_WARN_ENUM_CONVERSION = YES;
				CLANG_WARN_INFINITE_RECURSION = YES;
				CLANG_WARN_INT_CONVERSION = YES;
				CLANG_WARN_NON_LITERAL_NULL_CONVERSION = YES;
				CLANG_WARN_OBJC_IMPLICIT_RETAIN_SELF = YES;
				CLANG_WARN_OBJC_LITERAL_CONVERSION = YES;
				CLANG_WARN_OBJC_ROOT_CLASS = YES_ERROR;
				CLANG_WARN_RANGE_LOOP_ANALYSIS = YES;
				CLANG_WARN_STRICT_PROTOTYPES = YES;
				CLANG_WARN_SUSPICIOUS_MOVE = YES;
				CLANG_WARN_UNGUARDED_AVAILABILITY = YES_AGGRESSIVE;
				CLANG_WARN_UNREACHABLE_CODE = YES;
				CLANG_WARN__DUPLICATE_METHOD_MATCH = YES;
				CODE_SIGN_IDENTITY = "iPhone Developer";
				COPY_PHASE_STRIP = NO;
				DEBUG_INFORMATION_FORMAT = "dwarf-with-dsym";
				ENABLE_NS_ASSERTIONS = NO;
				ENABLE_STRICT_OBJC_MSGSEND = YES;
				GCC_C_LANGUAGE_STANDARD = gnu11;
				GCC_NO_COMMON_BLOCKS = YES;
				GCC_WARN_64_TO_32_BIT_CONVERSION = YES;
				GCC_WARN_ABOUT_RETURN_TYPE = YES_ERROR;
				GCC_WARN_UNDECLARED_SELECTOR = YES;
				GCC_WARN_UNINITIALIZED_AUTOS = YES_AGGRESSIVE;
				GCC_WARN_UNUSED_FUNCTION = YES;
				GCC_WARN_UNUSED_VARIABLE = YES;
				IPHONEOS_DEPLOYMENT_TARGET = 12.2;
				MTL_ENABLE_DEBUG_INFO = NO;
				MTL_FAST_MATH = YES;
				SDKROOT = iphoneos;
				SWIFT_COMPILATION_MODE = wholemodule;
				SWIFT_OPTIMIZATION_LEVEL = "-O";
				VALIDATE_PRODUCT = YES;
			};
			name = Release;
		};
		3758FCD622E3A8F400F18779 /* Debug */ = {
			isa = XCBuildConfiguration;
			buildSettings = {
				ASSETCATALOG_COMPILER_APPICON_NAME = AppIcon;
				CODE_SIGN_STYLE = Automatic;
				INFOPLIST_FILE = TLCAppLuisBranch2/Info.plist;
				LD_RUNPATH_SEARCH_PATHS = (
					"$(inherited)",
					"@executable_path/Frameworks",
				);
				PRODUCT_BUNDLE_IDENTIFIER = "Georgian-College.TLCAppLuisBranch2";
				PRODUCT_NAME = "$(TARGET_NAME)";
				SWIFT_VERSION = 5.0;
				TARGETED_DEVICE_FAMILY = "1,2";
			};
			name = Debug;
		};
		3758FCD722E3A8F400F18779 /* Release */ = {
			isa = XCBuildConfiguration;
			buildSettings = {
				ASSETCATALOG_COMPILER_APPICON_NAME = AppIcon;
				CODE_SIGN_STYLE = Automatic;
				INFOPLIST_FILE = TLCAppLuisBranch2/Info.plist;
				LD_RUNPATH_SEARCH_PATHS = (
					"$(inherited)",
					"@executable_path/Frameworks",
				);
				PRODUCT_BUNDLE_IDENTIFIER = "Georgian-College.TLCAppLuisBranch2";
				PRODUCT_NAME = "$(TARGET_NAME)";
				SWIFT_VERSION = 5.0;
				TARGETED_DEVICE_FAMILY = "1,2";
			};
			name = Release;
		};
/* End XCBuildConfiguration section */

/* Begin XCConfigurationList section */
		3758FCBE22E3A8F300F18779 /* Build configuration list for PBXProject "TLCAppLuisBranch2" */ = {
			isa = XCConfigurationList;
			buildConfigurations = (
				3758FCD322E3A8F400F18779 /* Debug */,
				3758FCD422E3A8F400F18779 /* Release */,
			);
			defaultConfigurationIsVisible = 0;
			defaultConfigurationName = Release;
		};
		3758FCD522E3A8F400F18779 /* Build configuration list for PBXNativeTarget "TLCAppLuisBranch2" */ = {
			isa = XCConfigurationList;
			buildConfigurations = (
				3758FCD622E3A8F400F18779 /* Debug */,
				3758FCD722E3A8F400F18779 /* Release */,
			);
			defaultConfigurationIsVisible = 0;
			defaultConfigurationName = Release;
		};
/* End XCConfigurationList section */
	};
	rootObject = 3758FCBB22E3A8F300F18779 /* Project object */;
}
